
Microsoft Visual Studio Solution File, Format Version 12.00
# Visual Studio Version 16
VisualStudioVersion = 16.0.30711.63
MinimumVisualStudioVersion = 10.0.40219.1
Project("{F184B08F-C81C-45F6-A57F-5ABD9991F28F}") = "Scraper", "Scraper\Scraper.vbproj", "{2FF18BE0-3F9A-4FB8-80BD-DC44BFC5A5D7}"
EndProject
Project("{FAE04EC0-301F-11D3-BF4B-00C04F79EFBC}") = "WebRequests", "WebRequests\WebRequests.csproj", "{2BB86CCB-C972-48F2-9660-AE98EA4C728A}"
EndProject
Global
	GlobalSection(SolutionConfigurationPlatforms) = preSolution
		Debug|Any CPU = Debug|Any CPU
		Release|Any CPU = Release|Any CPU
	EndGlobalSection
	GlobalSection(ProjectConfigurationPlatforms) = postSolution
		{2FF18BE0-3F9A-4FB8-80BD-DC44BFC5A5D7}.Debug|Any CPU.ActiveCfg = Debug|Any CPU
		{2FF18BE0-3F9A-4FB8-80BD-DC44BFC5A5D7}.Debug|Any CPU.Build.0 = Debug|Any CPU
		{2FF18BE0-3F9A-4FB8-80BD-DC44BFC5A5D7}.Release|Any CPU.ActiveCfg = Release|Any CPU
		{2FF18BE0-3F9A-4FB8-80BD-DC44BFC5A5D7}.Release|Any CPU.Build.0 = Release|Any CPU
		{2BB86CCB-C972-48F2-9660-AE98EA4C728A}.Debug|Any CPU.ActiveCfg = Debug|Any CPU
		{2BB86CCB-C972-48F2-9660-AE98EA4C728A}.Debug|Any CPU.Build.0 = Debug|Any CPU
		{2BB86CCB-C972-48F2-9660-AE98EA4C728A}.Release|Any CPU.ActiveCfg = Release|Any CPU
		{2BB86CCB-C972-48F2-9660-AE98EA4C728A}.Release|Any CPU.Build.0 = Release|Any CPU
	EndGlobalSection
	GlobalSection(SolutionProperties) = preSolution
		HideSolutionNode = FALSE
	EndGlobalSection
	GlobalSection(ExtensibilityGlobals) = postSolution
		SolutionGuid = {A488C75F-F184-4446-A234-525E1499E34C}
	EndGlobalSection
EndGlobal
